
Microsoft Visual Studio Solution File, Format Version 12.00
# Visual Studio 15
VisualStudioVersion = 15.0.26730.15
MinimumVisualStudioVersion = 10.0.40219.1
Project("{FAE04EC0-301F-11D3-BF4B-00C04F79EFBC}") = "MultiplierTestsLib", "MultiplierTestsLib\MultiplierTestsLib.csproj", "{419418A1-42F9-468E-B1B5-833C90CAEF3C}"
EndProject
Project("{FAE04EC0-301F-11D3-BF4B-00C04F79EFBC}") = "MultiplierLib", "MultiplierLib\MultiplierLib.csproj", "{A1E78AC2-376D-43F8-AE31-C19845A2951A}"
EndProject
Project("{FAE04EC0-301F-11D3-BF4B-00C04F79EFBC}") = "Demo1", "Demo1\Demo1.csproj", "{46838013-D1FD-437A-942B-8139D490ECDA}"
EndProject
Project("{2150E333-8FDC-42A3-9474-1A3956D46DE8}") = "2017-09-18", "2017-09-18", "{DCA32CA6-BEFA-438C-9211-B1B89F166D90}"
EndProject
Project("{9A19103F-16F7-4668-BE54-9A1E7A4F7556}") = "VaruKorgLib", "VaruKorgLib\VaruKorgLib.csproj", "{5FBB6951-E95B-426F-A4B5-AA798E085845}"
EndProject
Project("{FAE04EC0-301F-11D3-BF4B-00C04F79EFBC}") = "VarukorgTestLib", "VarukorgTestLib\VarukorgTestLib.csproj", "{113A105A-E7F2-4C16-93E7-1E6117D30D2C}"
EndProject
Project("{FAE04EC0-301F-11D3-BF4B-00C04F79EFBC}") = "StoryTellerWindowsApp", "StoryTellerWindowsApp\StoryTellerWindowsApp.csproj", "{1822AA3D-28B5-4458-9D1E-6914E346094D}"
EndProject
Project("{9A19103F-16F7-4668-BE54-9A1E7A4F7556}") = "CirkusLib", "CirkusLib\CirkusLib.csproj", "{BDDA0313-4D92-4B7B-9DFF-FA4F2ACE9813}"
EndProject
Project("{FAE04EC0-301F-11D3-BF4B-00C04F79EFBC}") = "CirkusTestLib", "CirkusTestLib\CirkusTestLib.csproj", "{D1AFC06B-43AB-4E50-899D-4115AD1AD912}"
EndProject
Project("{2150E333-8FDC-42A3-9474-1A3956D46DE8}") = "2017-09-20", "2017-09-20", "{2F3628D7-DC54-4C57-A6A5-447179EDCAEF}"
EndProject
Project("{FAE04EC0-301F-11D3-BF4B-00C04F79EFBC}") = "ExamLib", "ExamLib\ExamLib.csproj", "{72D415F3-AC03-45A7-AB88-84D5B5EAAFAA}"
EndProject
Project("{FAE04EC0-301F-11D3-BF4B-00C04F79EFBC}") = "ExamLibTest", "ExamLibTest\ExamLibTest.csproj", "{D1D974F7-4CC3-48AB-8BD4-41FB8F1B5915}"
EndProject
Project("{FAE04EC0-301F-11D3-BF4B-00C04F79EFBC}") = "WindowsFormsAppExam", "WindowsFormsAppExam\WindowsFormsAppExam.csproj", "{967BA3B8-F039-4A70-A66E-3D2E5FC3E70F}"
EndProject
Project("{2150E333-8FDC-42A3-9474-1A3956D46DE8}") = "GuessNumber", "GuessNumber", "{56A735FB-9506-430F-947A-9325E668465D}"
EndProject
Project("{FAE04EC0-301F-11D3-BF4B-00C04F79EFBC}") = "GuessNumberLib", "GuessNumberLib\GuessNumberLib.csproj", "{9C66BE86-67D5-47D0-BBBF-C5B1812C8936}"
EndProject
Project("{FAE04EC0-301F-11D3-BF4B-00C04F79EFBC}") = "GuessNumberTestsLib", "GuessNumberTestsLib\GuessNumberTestsLib.csproj", "{7F4EA2F0-FE36-4816-9FA1-7E4968CDA214}"
EndProject
Project("{FAE04EC0-301F-11D3-BF4B-00C04F79EFBC}") = "GuessNumberWindowApp", "GuessNumberWindowApp\GuessNumberWindowApp.csproj", "{4A94BACA-FAD4-4571-9DB7-15F0209B8D59}"
EndProject
Project("{2150E333-8FDC-42A3-9474-1A3956D46DE8}") = "DiceGame", "DiceGame", "{60D5E481-EBAB-4890-B55C-84CD6D3962A2}"
EndProject
Project("{FAE04EC0-301F-11D3-BF4B-00C04F79EFBC}") = "DiceGameLib", "DiceGameLib\DiceGameLib.csproj", "{2BA93515-6CCA-4A67-BB7D-8EB61E8E5E32}"
EndProject
Project("{FAE04EC0-301F-11D3-BF4B-00C04F79EFBC}") = "DiceGameTests", "DiceGameTests\DiceGameTests.csproj", "{9261CB69-4483-4D30-B089-B6745C2FDC7D}"
EndProject
Project("{FAE04EC0-301F-11D3-BF4B-00C04F79EFBC}") = "DiceGame", "DiceGame\DiceGame.csproj", "{7EC96685-2960-43FE-879A-82426C12C07C}"
EndProject
Project("{2150E333-8FDC-42A3-9474-1A3956D46DE8}") = "OPP", "OPP", "{0E0BD61D-81FF-448D-8CA8-5EA132334BA8}"
EndProject
Project("{FAE04EC0-301F-11D3-BF4B-00C04F79EFBC}") = "OOPConsoleApp", "OOPConsoleApp\OOPConsoleApp.csproj", "{42520DDC-9FDF-4E4B-A0E6-8C418A39C294}"
EndProject
Project("{FAE04EC0-301F-11D3-BF4B-00C04F79EFBC}") = "CarbuilderConsoleApp", "CarbuilderConsoleApp\CarbuilderConsoleApp.csproj", "{15276DDF-A37A-4494-A770-1BAD232F06E5}"
EndProject
Project("{FAE04EC0-301F-11D3-BF4B-00C04F79EFBC}") = "TotalStudentConsoleApp", "TotalStudentConsoleApp\TotalStudentConsoleApp.csproj", "{2EE8537F-D1A4-40D2-9AC5-45F26EA8B89E}"
EndProject
Project("{FAE04EC0-301F-11D3-BF4B-00C04F79EFBC}") = "GrandTotal StudentConsoleApp", "GrandTotal StudentConsoleApp\GrandTotal StudentConsoleApp.csproj", "{14299154-E03B-43F0-965E-283C39B82AB5}"
EndProject
Project("{2150E333-8FDC-42A3-9474-1A3956D46DE8}") = "File", "File", "{127C0653-4A6B-4853-9385-02688901F8F1}"
EndProject
Project("{FAE04EC0-301F-11D3-BF4B-00C04F79EFBC}") = "ConverttoUppercaseWindowsFormsApp", "ConverttoUppercaseWindowsFormsApp\ConverttoUppercaseWindowsFormsApp.csproj", "{D63D1CED-6BE0-4266-B7E2-F0E599C13823}"
EndProject
Project("{FAE04EC0-301F-11D3-BF4B-00C04F79EFBC}") = "AddTwofileto threeWindowsFormsApp", "AddTwofileto threeWindowsFormsApp\AddTwofileto threeWindowsFormsApp.csproj", "{F366A742-E3ED-4BA2-A8E4-9F53598B8743}"
EndProject
Project("{2150E333-8FDC-42A3-9474-1A3956D46DE8}") = "SlidShow", "SlidShow", "{B3EE1504-E691-4289-9B48-56D295D01966}"
EndProject
Project("{FAE04EC0-301F-11D3-BF4B-00C04F79EFBC}") = "SlidesWindowsFormsApp", "SlidesWindowsFormsApp\SlidesWindowsFormsApp.csproj", "{92DA27FA-10F2-4054-A2F7-8C5117D99D55}"
EndProject
Project("{2150E333-8FDC-42A3-9474-1A3956D46DE8}") = "KundInformation", "KundInformation", "{D49E4BFD-904B-4DDE-A281-55057584BC6A}"
EndProject
Project("{FAE04EC0-301F-11D3-BF4B-00C04F79EFBC}") = "KundInformationWindowsFormsApp", "KundInformationWindowsFormsApp\KundInformationWindowsFormsApp.csproj", "{8F3F4EDF-4743-4B7C-863E-E128742B4E5F}"
EndProject
Project("{FAE04EC0-301F-11D3-BF4B-00C04F79EFBC}") = "RegexProject", "RegexProject\RegexProject.csproj", "{2592560B-7D45-4C06-A792-808CB3F0E112}"
EndProject
Project("{2150E333-8FDC-42A3-9474-1A3956D46DE8}") = "RegularRex", "RegularRex", "{565E726D-E9CE-454F-A1E1-16873CD41F8A}"
EndProject
Project("{FAE04EC0-301F-11D3-BF4B-00C04F79EFBC}") = "EmployeeLib", "EmployeeLib\EmployeeLib.csproj", "{CC9B763A-DD74-4709-B8D3-CA0838A77079}"
EndProject
Project("{FAE04EC0-301F-11D3-BF4B-00C04F79EFBC}") = "EmployeeLibTest", "EmployeeLibTest\EmployeeLibTest.csproj", "{92A409E5-65FE-4F80-B451-69D677D2C4A6}"
EndProject
Project("{2150E333-8FDC-42A3-9474-1A3956D46DE8}") = "RekursivÖvning", "RekursivÖvning", "{70737691-0157-4B89-B992-9810998AF0B6}"
EndProject
Project("{9A19103F-16F7-4668-BE54-9A1E7A4F7556}") = "UtbuildingLib", "UtbuildingLib\UtbuildingLib.csproj", "{84BD562E-773E-4394-A798-1D6BB4FE2E76}"
EndProject
Project("{FAE04EC0-301F-11D3-BF4B-00C04F79EFBC}") = "UtbuildingLibTest", "UtbuildingLibTest\UtbuildingLibTest.csproj", "{A5582B9E-E09A-486F-B8F0-80D1ABD74DB1}"
EndProject
Project("{2150E333-8FDC-42A3-9474-1A3956D46DE8}") = "ImportTestSIE", "ImportTestSIE", "{D79F6B16-C325-401B-BF74-B414E1E2B7CD}"
EndProject
Project("{FAE04EC0-301F-11D3-BF4B-00C04F79EFBC}") = "SIEIMportTest", "SIEIMportTest\SIEIMportTest.csproj", "{4A085179-84D9-44D8-A119-C46D90AE35C5}"
EndProject
Project("{FAE04EC0-301F-11D3-BF4B-00C04F79EFBC}") = "SIEAccountLIb", "SIEAccountLIb\SIEAccountLIb.csproj", "{073D5A88-11CC-4062-87B8-0BF2FEBBD74E}"
EndProject
Project("{FAE04EC0-301F-11D3-BF4B-00C04F79EFBC}") = "RegexMatchCountertLibTests", "RegexMatchCountertLibTests\RegexMatchCountertLibTests.csproj", "{6DDABE04-F8F7-430A-8D25-7A2949462207}"
EndProject
Project("{9A19103F-16F7-4668-BE54-9A1E7A4F7556}") = "RegexMatchCountertLib", "RegexMatchCountertLib\RegexMatchCountertLib.csproj", "{DE5D974B-FEC2-48C2-B812-87ED8066E330}"
EndProject
Project("{2150E333-8FDC-42A3-9474-1A3956D46DE8}") = "Calculator", "Calculator", "{BE539DA4-8AA3-4024-8CFA-453276F66B0A}"
EndProject
Project("{9A19103F-16F7-4668-BE54-9A1E7A4F7556}") = "CalculatorLib", "CalculatorLib\CalculatorLib.csproj", "{9837244D-5F13-4680-99B1-D8F26A8601AA}"
EndProject
Project("{FAE04EC0-301F-11D3-BF4B-00C04F79EFBC}") = "CalculatorLibTest", "CalculatorLibTest\CalculatorLibTest.csproj", "{7249851E-422C-4291-B781-9B728EEF9C4F}"
EndProject
Project("{FAE04EC0-301F-11D3-BF4B-00C04F79EFBC}") = "CalculatorWinApp", "CalculatorWinApp\CalculatorWinApp.csproj", "{0B5B48CE-FA95-4225-8FB4-3B68F34C188D}"
EndProject
Project("{2150E333-8FDC-42A3-9474-1A3956D46DE8}") = "Driving Journel", "Driving Journel", "{86326B37-76F7-45AA-8EF2-DEF3F8CEC833}"
EndProject
Project("{FAE04EC0-301F-11D3-BF4B-00C04F79EFBC}") = "DriverJournelLibTest", "DriverJournelLibTest\DriverJournelLibTest.csproj", "{1E26A9A3-305E-4E57-99C2-F15E731399F6}"
EndProject
Project("{9A19103F-16F7-4668-BE54-9A1E7A4F7556}") = "DriverJournelLib", "DriverJournelLib\DriverJournelLib.csproj", "{D97FB16D-76A0-4541-A4C9-51DC343224B8}"
EndProject
Project("{FAE04EC0-301F-11D3-BF4B-00C04F79EFBC}") = "DriverJournelWindowsApp", "DriverJournelWindowsApp\DriverJournelWindowsApp.csproj", "{134EF28A-8E8A-4B14-9E30-F33BADD5D815}"
EndProject
Project("{2150E333-8FDC-42A3-9474-1A3956D46DE8}") = "CustomerServices", "CustomerServices", "{BA5E59FB-AF7D-4361-AEB6-852107DE63D2}"
EndProject
Project("{FAE04EC0-301F-11D3-BF4B-00C04F79EFBC}") = "CustomerServicesLibTest", "CustomerServicesLibTest\CustomerServicesLibTest.csproj", "{E24C6E64-AC3F-4E9B-9F2F-9FC92C711BEC}"
EndProject
Project("{9A19103F-16F7-4668-BE54-9A1E7A4F7556}") = "CustomerServicsLib", "CustomerServicsLib\CustomerServicsLib.csproj", "{3299D8FC-A686-4B27-BDAB-347285A3E737}"
EndProject
Project("{2150E333-8FDC-42A3-9474-1A3956D46DE8}") = "School", "School", "{D50C235A-575D-46D4-99C7-640FEC552073}"
EndProject
Project("{9A19103F-16F7-4668-BE54-9A1E7A4F7556}") = "SchoolLib", "SchoolLib\SchoolLib.csproj", "{FC00B7C2-F27C-4B67-AE48-5675A19E9FCE}"
EndProject
Project("{FAE04EC0-301F-11D3-BF4B-00C04F79EFBC}") = "SchoolLibTest", "SchoolLibTest\SchoolLibTest.csproj", "{A50C80F2-513F-46B6-9BD7-F270C80F2525}"
EndProject
Project("{FAE04EC0-301F-11D3-BF4B-00C04F79EFBC}") = "SchoolSystemWindFApp", "SchoolSystemWindFApp\SchoolSystemWindFApp.csproj", "{7D415ED5-56D9-4120-B9D3-7A0B0D7C71DE}"
EndProject
Project("{2150E333-8FDC-42A3-9474-1A3956D46DE8}") = "Practice", "Practice", "{D3D48E74-FB70-4EBD-8F65-494A8C38C388}"
EndProject
Project("{FAE04EC0-301F-11D3-BF4B-00C04F79EFBC}") = "PracticeApp", "PracticeApp\PracticeApp.csproj", "{C011E460-5B42-4361-8C28-4C238734B306}"
EndProject
Project("{FAE04EC0-301F-11D3-BF4B-00C04F79EFBC}") = "PracticeLib", "PracticeLib\PracticeLib.csproj", "{C3C967F7-47D6-45BD-ACF3-649C12ED2956}"
EndProject
Project("{FAE04EC0-301F-11D3-BF4B-00C04F79EFBC}") = "PracticeTestLib", "PracticeTestLib\PracticeTestLib.csproj", "{C6421046-D566-4ED7-A631-8B1FAABAB19D}"
EndProject
Global
	GlobalSection(SolutionConfigurationPlatforms) = preSolution
		Debug|Any CPU = Debug|Any CPU
		Release|Any CPU = Release|Any CPU
	EndGlobalSection
	GlobalSection(ProjectConfigurationPlatforms) = postSolution
		{419418A1-42F9-468E-B1B5-833C90CAEF3C}.Debug|Any CPU.ActiveCfg = Debug|Any CPU
		{419418A1-42F9-468E-B1B5-833C90CAEF3C}.Debug|Any CPU.Build.0 = Debug|Any CPU
		{419418A1-42F9-468E-B1B5-833C90CAEF3C}.Release|Any CPU.ActiveCfg = Release|Any CPU
		{419418A1-42F9-468E-B1B5-833C90CAEF3C}.Release|Any CPU.Build.0 = Release|Any CPU
		{A1E78AC2-376D-43F8-AE31-C19845A2951A}.Debug|Any CPU.ActiveCfg = Debug|Any CPU
		{A1E78AC2-376D-43F8-AE31-C19845A2951A}.Debug|Any CPU.Build.0 = Debug|Any CPU
		{A1E78AC2-376D-43F8-AE31-C19845A2951A}.Release|Any CPU.ActiveCfg = Release|Any CPU
		{A1E78AC2-376D-43F8-AE31-C19845A2951A}.Release|Any CPU.Build.0 = Release|Any CPU
		{46838013-D1FD-437A-942B-8139D490ECDA}.Debug|Any CPU.ActiveCfg = Debug|Any CPU
		{46838013-D1FD-437A-942B-8139D490ECDA}.Debug|Any CPU.Build.0 = Debug|Any CPU
		{46838013-D1FD-437A-942B-8139D490ECDA}.Release|Any CPU.ActiveCfg = Release|Any CPU
		{46838013-D1FD-437A-942B-8139D490ECDA}.Release|Any CPU.Build.0 = Release|Any CPU
		{5FBB6951-E95B-426F-A4B5-AA798E085845}.Debug|Any CPU.ActiveCfg = Debug|Any CPU
		{5FBB6951-E95B-426F-A4B5-AA798E085845}.Debug|Any CPU.Build.0 = Debug|Any CPU
		{5FBB6951-E95B-426F-A4B5-AA798E085845}.Release|Any CPU.ActiveCfg = Release|Any CPU
		{5FBB6951-E95B-426F-A4B5-AA798E085845}.Release|Any CPU.Build.0 = Release|Any CPU
		{113A105A-E7F2-4C16-93E7-1E6117D30D2C}.Debug|Any CPU.ActiveCfg = Debug|Any CPU
		{113A105A-E7F2-4C16-93E7-1E6117D30D2C}.Debug|Any CPU.Build.0 = Debug|Any CPU
		{113A105A-E7F2-4C16-93E7-1E6117D30D2C}.Release|Any CPU.ActiveCfg = Release|Any CPU
		{113A105A-E7F2-4C16-93E7-1E6117D30D2C}.Release|Any CPU.Build.0 = Release|Any CPU
		{1822AA3D-28B5-4458-9D1E-6914E346094D}.Debug|Any CPU.ActiveCfg = Debug|Any CPU
		{1822AA3D-28B5-4458-9D1E-6914E346094D}.Debug|Any CPU.Build.0 = Debug|Any CPU
		{1822AA3D-28B5-4458-9D1E-6914E346094D}.Release|Any CPU.ActiveCfg = Release|Any CPU
		{1822AA3D-28B5-4458-9D1E-6914E346094D}.Release|Any CPU.Build.0 = Release|Any CPU
		{BDDA0313-4D92-4B7B-9DFF-FA4F2ACE9813}.Debug|Any CPU.ActiveCfg = Debug|Any CPU
		{BDDA0313-4D92-4B7B-9DFF-FA4F2ACE9813}.Debug|Any CPU.Build.0 = Debug|Any CPU
		{BDDA0313-4D92-4B7B-9DFF-FA4F2ACE9813}.Release|Any CPU.ActiveCfg = Release|Any CPU
		{BDDA0313-4D92-4B7B-9DFF-FA4F2ACE9813}.Release|Any CPU.Build.0 = Release|Any CPU
		{D1AFC06B-43AB-4E50-899D-4115AD1AD912}.Debug|Any CPU.ActiveCfg = Debug|Any CPU
		{D1AFC06B-43AB-4E50-899D-4115AD1AD912}.Debug|Any CPU.Build.0 = Debug|Any CPU
		{D1AFC06B-43AB-4E50-899D-4115AD1AD912}.Release|Any CPU.ActiveCfg = Release|Any CPU
		{D1AFC06B-43AB-4E50-899D-4115AD1AD912}.Release|Any CPU.Build.0 = Release|Any CPU
		{72D415F3-AC03-45A7-AB88-84D5B5EAAFAA}.Debug|Any CPU.ActiveCfg = Debug|Any CPU
		{72D415F3-AC03-45A7-AB88-84D5B5EAAFAA}.Debug|Any CPU.Build.0 = Debug|Any CPU
		{72D415F3-AC03-45A7-AB88-84D5B5EAAFAA}.Release|Any CPU.ActiveCfg = Release|Any CPU
		{72D415F3-AC03-45A7-AB88-84D5B5EAAFAA}.Release|Any CPU.Build.0 = Release|Any CPU
		{D1D974F7-4CC3-48AB-8BD4-41FB8F1B5915}.Debug|Any CPU.ActiveCfg = Debug|Any CPU
		{D1D974F7-4CC3-48AB-8BD4-41FB8F1B5915}.Debug|Any CPU.Build.0 = Debug|Any CPU
		{D1D974F7-4CC3-48AB-8BD4-41FB8F1B5915}.Release|Any CPU.ActiveCfg = Release|Any CPU
		{D1D974F7-4CC3-48AB-8BD4-41FB8F1B5915}.Release|Any CPU.Build.0 = Release|Any CPU
		{967BA3B8-F039-4A70-A66E-3D2E5FC3E70F}.Debug|Any CPU.ActiveCfg = Debug|Any CPU
		{967BA3B8-F039-4A70-A66E-3D2E5FC3E70F}.Debug|Any CPU.Build.0 = Debug|Any CPU
		{967BA3B8-F039-4A70-A66E-3D2E5FC3E70F}.Release|Any CPU.ActiveCfg = Release|Any CPU
		{967BA3B8-F039-4A70-A66E-3D2E5FC3E70F}.Release|Any CPU.Build.0 = Release|Any CPU
		{9C66BE86-67D5-47D0-BBBF-C5B1812C8936}.Debug|Any CPU.ActiveCfg = Debug|Any CPU
		{9C66BE86-67D5-47D0-BBBF-C5B1812C8936}.Debug|Any CPU.Build.0 = Debug|Any CPU
		{9C66BE86-67D5-47D0-BBBF-C5B1812C8936}.Release|Any CPU.ActiveCfg = Release|Any CPU
		{9C66BE86-67D5-47D0-BBBF-C5B1812C8936}.Release|Any CPU.Build.0 = Release|Any CPU
		{7F4EA2F0-FE36-4816-9FA1-7E4968CDA214}.Debug|Any CPU.ActiveCfg = Debug|Any CPU
		{7F4EA2F0-FE36-4816-9FA1-7E4968CDA214}.Debug|Any CPU.Build.0 = Debug|Any CPU
		{7F4EA2F0-FE36-4816-9FA1-7E4968CDA214}.Release|Any CPU.ActiveCfg = Release|Any CPU
		{7F4EA2F0-FE36-4816-9FA1-7E4968CDA214}.Release|Any CPU.Build.0 = Release|Any CPU
		{4A94BACA-FAD4-4571-9DB7-15F0209B8D59}.Debug|Any CPU.ActiveCfg = Debug|Any CPU
		{4A94BACA-FAD4-4571-9DB7-15F0209B8D59}.Debug|Any CPU.Build.0 = Debug|Any CPU
		{4A94BACA-FAD4-4571-9DB7-15F0209B8D59}.Release|Any CPU.ActiveCfg = Release|Any CPU
		{4A94BACA-FAD4-4571-9DB7-15F0209B8D59}.Release|Any CPU.Build.0 = Release|Any CPU
		{2BA93515-6CCA-4A67-BB7D-8EB61E8E5E32}.Debug|Any CPU.ActiveCfg = Debug|Any CPU
		{2BA93515-6CCA-4A67-BB7D-8EB61E8E5E32}.Debug|Any CPU.Build.0 = Debug|Any CPU
		{2BA93515-6CCA-4A67-BB7D-8EB61E8E5E32}.Release|Any CPU.ActiveCfg = Release|Any CPU
		{2BA93515-6CCA-4A67-BB7D-8EB61E8E5E32}.Release|Any CPU.Build.0 = Release|Any CPU
		{9261CB69-4483-4D30-B089-B6745C2FDC7D}.Debug|Any CPU.ActiveCfg = Debug|Any CPU
		{9261CB69-4483-4D30-B089-B6745C2FDC7D}.Debug|Any CPU.Build.0 = Debug|Any CPU
		{9261CB69-4483-4D30-B089-B6745C2FDC7D}.Release|Any CPU.ActiveCfg = Release|Any CPU
		{9261CB69-4483-4D30-B089-B6745C2FDC7D}.Release|Any CPU.Build.0 = Release|Any CPU
		{7EC96685-2960-43FE-879A-82426C12C07C}.Debug|Any CPU.ActiveCfg = Debug|Any CPU
		{7EC96685-2960-43FE-879A-82426C12C07C}.Debug|Any CPU.Build.0 = Debug|Any CPU
		{7EC96685-2960-43FE-879A-82426C12C07C}.Release|Any CPU.ActiveCfg = Release|Any CPU
		{7EC96685-2960-43FE-879A-82426C12C07C}.Release|Any CPU.Build.0 = Release|Any CPU
		{42520DDC-9FDF-4E4B-A0E6-8C418A39C294}.Debug|Any CPU.ActiveCfg = Debug|Any CPU
		{42520DDC-9FDF-4E4B-A0E6-8C418A39C294}.Debug|Any CPU.Build.0 = Debug|Any CPU
		{42520DDC-9FDF-4E4B-A0E6-8C418A39C294}.Release|Any CPU.ActiveCfg = Release|Any CPU
		{42520DDC-9FDF-4E4B-A0E6-8C418A39C294}.Release|Any CPU.Build.0 = Release|Any CPU
		{15276DDF-A37A-4494-A770-1BAD232F06E5}.Debug|Any CPU.ActiveCfg = Debug|Any CPU
		{15276DDF-A37A-4494-A770-1BAD232F06E5}.Debug|Any CPU.Build.0 = Debug|Any CPU
		{15276DDF-A37A-4494-A770-1BAD232F06E5}.Release|Any CPU.ActiveCfg = Release|Any CPU
		{15276DDF-A37A-4494-A770-1BAD232F06E5}.Release|Any CPU.Build.0 = Release|Any CPU
		{2EE8537F-D1A4-40D2-9AC5-45F26EA8B89E}.Debug|Any CPU.ActiveCfg = Debug|Any CPU
		{2EE8537F-D1A4-40D2-9AC5-45F26EA8B89E}.Debug|Any CPU.Build.0 = Debug|Any CPU
		{2EE8537F-D1A4-40D2-9AC5-45F26EA8B89E}.Release|Any CPU.ActiveCfg = Release|Any CPU
		{2EE8537F-D1A4-40D2-9AC5-45F26EA8B89E}.Release|Any CPU.Build.0 = Release|Any CPU
		{14299154-E03B-43F0-965E-283C39B82AB5}.Debug|Any CPU.ActiveCfg = Debug|Any CPU
		{14299154-E03B-43F0-965E-283C39B82AB5}.Debug|Any CPU.Build.0 = Debug|Any CPU
		{14299154-E03B-43F0-965E-283C39B82AB5}.Release|Any CPU.ActiveCfg = Release|Any CPU
		{14299154-E03B-43F0-965E-283C39B82AB5}.Release|Any CPU.Build.0 = Release|Any CPU
		{D63D1CED-6BE0-4266-B7E2-F0E599C13823}.Debug|Any CPU.ActiveCfg = Debug|Any CPU
		{D63D1CED-6BE0-4266-B7E2-F0E599C13823}.Debug|Any CPU.Build.0 = Debug|Any CPU
		{D63D1CED-6BE0-4266-B7E2-F0E599C13823}.Release|Any CPU.ActiveCfg = Release|Any CPU
		{D63D1CED-6BE0-4266-B7E2-F0E599C13823}.Release|Any CPU.Build.0 = Release|Any CPU
		{F366A742-E3ED-4BA2-A8E4-9F53598B8743}.Debug|Any CPU.ActiveCfg = Debug|Any CPU
		{F366A742-E3ED-4BA2-A8E4-9F53598B8743}.Debug|Any CPU.Build.0 = Debug|Any CPU
		{F366A742-E3ED-4BA2-A8E4-9F53598B8743}.Release|Any CPU.ActiveCfg = Release|Any CPU
		{F366A742-E3ED-4BA2-A8E4-9F53598B8743}.Release|Any CPU.Build.0 = Release|Any CPU
		{92DA27FA-10F2-4054-A2F7-8C5117D99D55}.Debug|Any CPU.ActiveCfg = Debug|Any CPU
		{92DA27FA-10F2-4054-A2F7-8C5117D99D55}.Debug|Any CPU.Build.0 = Debug|Any CPU
		{92DA27FA-10F2-4054-A2F7-8C5117D99D55}.Release|Any CPU.ActiveCfg = Release|Any CPU
		{92DA27FA-10F2-4054-A2F7-8C5117D99D55}.Release|Any CPU.Build.0 = Release|Any CPU
		{8F3F4EDF-4743-4B7C-863E-E128742B4E5F}.Debug|Any CPU.ActiveCfg = Debug|Any CPU
		{8F3F4EDF-4743-4B7C-863E-E128742B4E5F}.Debug|Any CPU.Build.0 = Debug|Any CPU
		{8F3F4EDF-4743-4B7C-863E-E128742B4E5F}.Release|Any CPU.ActiveCfg = Release|Any CPU
		{8F3F4EDF-4743-4B7C-863E-E128742B4E5F}.Release|Any CPU.Build.0 = Release|Any CPU
		{2592560B-7D45-4C06-A792-808CB3F0E112}.Debug|Any CPU.ActiveCfg = Debug|Any CPU
		{2592560B-7D45-4C06-A792-808CB3F0E112}.Debug|Any CPU.Build.0 = Debug|Any CPU
		{2592560B-7D45-4C06-A792-808CB3F0E112}.Release|Any CPU.ActiveCfg = Release|Any CPU
		{2592560B-7D45-4C06-A792-808CB3F0E112}.Release|Any CPU.Build.0 = Release|Any CPU
		{CC9B763A-DD74-4709-B8D3-CA0838A77079}.Debug|Any CPU.ActiveCfg = Debug|Any CPU
		{CC9B763A-DD74-4709-B8D3-CA0838A77079}.Debug|Any CPU.Build.0 = Debug|Any CPU
		{CC9B763A-DD74-4709-B8D3-CA0838A77079}.Release|Any CPU.ActiveCfg = Release|Any CPU
		{CC9B763A-DD74-4709-B8D3-CA0838A77079}.Release|Any CPU.Build.0 = Release|Any CPU
		{92A409E5-65FE-4F80-B451-69D677D2C4A6}.Debug|Any CPU.ActiveCfg = Debug|Any CPU
		{92A409E5-65FE-4F80-B451-69D677D2C4A6}.Debug|Any CPU.Build.0 = Debug|Any CPU
		{92A409E5-65FE-4F80-B451-69D677D2C4A6}.Release|Any CPU.ActiveCfg = Release|Any CPU
		{92A409E5-65FE-4F80-B451-69D677D2C4A6}.Release|Any CPU.Build.0 = Release|Any CPU
		{84BD562E-773E-4394-A798-1D6BB4FE2E76}.Debug|Any CPU.ActiveCfg = Debug|Any CPU
		{84BD562E-773E-4394-A798-1D6BB4FE2E76}.Debug|Any CPU.Build.0 = Debug|Any CPU
		{84BD562E-773E-4394-A798-1D6BB4FE2E76}.Release|Any CPU.ActiveCfg = Release|Any CPU
		{84BD562E-773E-4394-A798-1D6BB4FE2E76}.Release|Any CPU.Build.0 = Release|Any CPU
		{A5582B9E-E09A-486F-B8F0-80D1ABD74DB1}.Debug|Any CPU.ActiveCfg = Debug|Any CPU
		{A5582B9E-E09A-486F-B8F0-80D1ABD74DB1}.Debug|Any CPU.Build.0 = Debug|Any CPU
		{A5582B9E-E09A-486F-B8F0-80D1ABD74DB1}.Release|Any CPU.ActiveCfg = Release|Any CPU
		{A5582B9E-E09A-486F-B8F0-80D1ABD74DB1}.Release|Any CPU.Build.0 = Release|Any CPU
		{4A085179-84D9-44D8-A119-C46D90AE35C5}.Debug|Any CPU.ActiveCfg = Debug|Any CPU
		{4A085179-84D9-44D8-A119-C46D90AE35C5}.Debug|Any CPU.Build.0 = Debug|Any CPU
		{4A085179-84D9-44D8-A119-C46D90AE35C5}.Release|Any CPU.ActiveCfg = Release|Any CPU
		{4A085179-84D9-44D8-A119-C46D90AE35C5}.Release|Any CPU.Build.0 = Release|Any CPU
		{073D5A88-11CC-4062-87B8-0BF2FEBBD74E}.Debug|Any CPU.ActiveCfg = Debug|Any CPU
		{073D5A88-11CC-4062-87B8-0BF2FEBBD74E}.Debug|Any CPU.Build.0 = Debug|Any CPU
		{073D5A88-11CC-4062-87B8-0BF2FEBBD74E}.Release|Any CPU.ActiveCfg = Release|Any CPU
		{073D5A88-11CC-4062-87B8-0BF2FEBBD74E}.Release|Any CPU.Build.0 = Release|Any CPU
		{6DDABE04-F8F7-430A-8D25-7A2949462207}.Debug|Any CPU.ActiveCfg = Debug|Any CPU
		{6DDABE04-F8F7-430A-8D25-7A2949462207}.Debug|Any CPU.Build.0 = Debug|Any CPU
		{6DDABE04-F8F7-430A-8D25-7A2949462207}.Release|Any CPU.ActiveCfg = Release|Any CPU
		{6DDABE04-F8F7-430A-8D25-7A2949462207}.Release|Any CPU.Build.0 = Release|Any CPU
		{DE5D974B-FEC2-48C2-B812-87ED8066E330}.Debug|Any CPU.ActiveCfg = Debug|Any CPU
		{DE5D974B-FEC2-48C2-B812-87ED8066E330}.Debug|Any CPU.Build.0 = Debug|Any CPU
		{DE5D974B-FEC2-48C2-B812-87ED8066E330}.Release|Any CPU.ActiveCfg = Release|Any CPU
		{DE5D974B-FEC2-48C2-B812-87ED8066E330}.Release|Any CPU.Build.0 = Release|Any CPU
		{9837244D-5F13-4680-99B1-D8F26A8601AA}.Debug|Any CPU.ActiveCfg = Debug|Any CPU
		{9837244D-5F13-4680-99B1-D8F26A8601AA}.Debug|Any CPU.Build.0 = Debug|Any CPU
		{9837244D-5F13-4680-99B1-D8F26A8601AA}.Release|Any CPU.ActiveCfg = Release|Any CPU
		{9837244D-5F13-4680-99B1-D8F26A8601AA}.Release|Any CPU.Build.0 = Release|Any CPU
		{7249851E-422C-4291-B781-9B728EEF9C4F}.Debug|Any CPU.ActiveCfg = Debug|Any CPU
		{7249851E-422C-4291-B781-9B728EEF9C4F}.Debug|Any CPU.Build.0 = Debug|Any CPU
		{7249851E-422C-4291-B781-9B728EEF9C4F}.Release|Any CPU.ActiveCfg = Release|Any CPU
		{7249851E-422C-4291-B781-9B728EEF9C4F}.Release|Any CPU.Build.0 = Release|Any CPU
		{0B5B48CE-FA95-4225-8FB4-3B68F34C188D}.Debug|Any CPU.ActiveCfg = Debug|Any CPU
		{0B5B48CE-FA95-4225-8FB4-3B68F34C188D}.Debug|Any CPU.Build.0 = Debug|Any CPU
		{0B5B48CE-FA95-4225-8FB4-3B68F34C188D}.Release|Any CPU.ActiveCfg = Release|Any CPU
		{0B5B48CE-FA95-4225-8FB4-3B68F34C188D}.Release|Any CPU.Build.0 = Release|Any CPU
		{1E26A9A3-305E-4E57-99C2-F15E731399F6}.Debug|Any CPU.ActiveCfg = Debug|Any CPU
		{1E26A9A3-305E-4E57-99C2-F15E731399F6}.Debug|Any CPU.Build.0 = Debug|Any CPU
		{1E26A9A3-305E-4E57-99C2-F15E731399F6}.Release|Any CPU.ActiveCfg = Release|Any CPU
		{1E26A9A3-305E-4E57-99C2-F15E731399F6}.Release|Any CPU.Build.0 = Release|Any CPU
		{D97FB16D-76A0-4541-A4C9-51DC343224B8}.Debug|Any CPU.ActiveCfg = Debug|Any CPU
		{D97FB16D-76A0-4541-A4C9-51DC343224B8}.Debug|Any CPU.Build.0 = Debug|Any CPU
		{D97FB16D-76A0-4541-A4C9-51DC343224B8}.Release|Any CPU.ActiveCfg = Release|Any CPU
		{D97FB16D-76A0-4541-A4C9-51DC343224B8}.Release|Any CPU.Build.0 = Release|Any CPU
		{134EF28A-8E8A-4B14-9E30-F33BADD5D815}.Debug|Any CPU.ActiveCfg = Debug|Any CPU
		{134EF28A-8E8A-4B14-9E30-F33BADD5D815}.Debug|Any CPU.Build.0 = Debug|Any CPU
		{134EF28A-8E8A-4B14-9E30-F33BADD5D815}.Release|Any CPU.ActiveCfg = Release|Any CPU
		{134EF28A-8E8A-4B14-9E30-F33BADD5D815}.Release|Any CPU.Build.0 = Release|Any CPU
		{E24C6E64-AC3F-4E9B-9F2F-9FC92C711BEC}.Debug|Any CPU.ActiveCfg = Debug|Any CPU
		{E24C6E64-AC3F-4E9B-9F2F-9FC92C711BEC}.Debug|Any CPU.Build.0 = Debug|Any CPU
		{E24C6E64-AC3F-4E9B-9F2F-9FC92C711BEC}.Release|Any CPU.ActiveCfg = Release|Any CPU
		{E24C6E64-AC3F-4E9B-9F2F-9FC92C711BEC}.Release|Any CPU.Build.0 = Release|Any CPU
		{3299D8FC-A686-4B27-BDAB-347285A3E737}.Debug|Any CPU.ActiveCfg = Debug|Any CPU
		{3299D8FC-A686-4B27-BDAB-347285A3E737}.Debug|Any CPU.Build.0 = Debug|Any CPU
		{3299D8FC-A686-4B27-BDAB-347285A3E737}.Release|Any CPU.ActiveCfg = Release|Any CPU
		{3299D8FC-A686-4B27-BDAB-347285A3E737}.Release|Any CPU.Build.0 = Release|Any CPU
		{FC00B7C2-F27C-4B67-AE48-5675A19E9FCE}.Debug|Any CPU.ActiveCfg = Debug|Any CPU
		{FC00B7C2-F27C-4B67-AE48-5675A19E9FCE}.Debug|Any CPU.Build.0 = Debug|Any CPU
		{FC00B7C2-F27C-4B67-AE48-5675A19E9FCE}.Release|Any CPU.ActiveCfg = Release|Any CPU
		{FC00B7C2-F27C-4B67-AE48-5675A19E9FCE}.Release|Any CPU.Build.0 = Release|Any CPU
		{A50C80F2-513F-46B6-9BD7-F270C80F2525}.Debug|Any CPU.ActiveCfg = Debug|Any CPU
		{A50C80F2-513F-46B6-9BD7-F270C80F2525}.Debug|Any CPU.Build.0 = Debug|Any CPU
		{A50C80F2-513F-46B6-9BD7-F270C80F2525}.Release|Any CPU.ActiveCfg = Release|Any CPU
		{A50C80F2-513F-46B6-9BD7-F270C80F2525}.Release|Any CPU.Build.0 = Release|Any CPU
		{7D415ED5-56D9-4120-B9D3-7A0B0D7C71DE}.Debug|Any CPU.ActiveCfg = Debug|Any CPU
		{7D415ED5-56D9-4120-B9D3-7A0B0D7C71DE}.Debug|Any CPU.Build.0 = Debug|Any CPU
		{7D415ED5-56D9-4120-B9D3-7A0B0D7C71DE}.Release|Any CPU.ActiveCfg = Release|Any CPU
		{7D415ED5-56D9-4120-B9D3-7A0B0D7C71DE}.Release|Any CPU.Build.0 = Release|Any CPU
		{C011E460-5B42-4361-8C28-4C238734B306}.Debug|Any CPU.ActiveCfg = Debug|Any CPU
		{C011E460-5B42-4361-8C28-4C238734B306}.Debug|Any CPU.Build.0 = Debug|Any CPU
		{C011E460-5B42-4361-8C28-4C238734B306}.Release|Any CPU.ActiveCfg = Release|Any CPU
		{C011E460-5B42-4361-8C28-4C238734B306}.Release|Any CPU.Build.0 = Release|Any CPU
		{C3C967F7-47D6-45BD-ACF3-649C12ED2956}.Debug|Any CPU.ActiveCfg = Debug|Any CPU
		{C3C967F7-47D6-45BD-ACF3-649C12ED2956}.Debug|Any CPU.Build.0 = Debug|Any CPU
		{C3C967F7-47D6-45BD-ACF3-649C12ED2956}.Release|Any CPU.ActiveCfg = Release|Any CPU
		{C3C967F7-47D6-45BD-ACF3-649C12ED2956}.Release|Any CPU.Build.0 = Release|Any CPU
		{C6421046-D566-4ED7-A631-8B1FAABAB19D}.Debug|Any CPU.ActiveCfg = Debug|Any CPU
		{C6421046-D566-4ED7-A631-8B1FAABAB19D}.Debug|Any CPU.Build.0 = Debug|Any CPU
		{C6421046-D566-4ED7-A631-8B1FAABAB19D}.Release|Any CPU.ActiveCfg = Release|Any CPU
		{C6421046-D566-4ED7-A631-8B1FAABAB19D}.Release|Any CPU.Build.0 = Release|Any CPU
	EndGlobalSection
	GlobalSection(SolutionProperties) = preSolution
		HideSolutionNode = FALSE
	EndGlobalSection
	GlobalSection(NestedProjects) = preSolution
		{5FBB6951-E95B-426F-A4B5-AA798E085845} = {DCA32CA6-BEFA-438C-9211-B1B89F166D90}
		{113A105A-E7F2-4C16-93E7-1E6117D30D2C} = {DCA32CA6-BEFA-438C-9211-B1B89F166D90}
		{BDDA0313-4D92-4B7B-9DFF-FA4F2ACE9813} = {DCA32CA6-BEFA-438C-9211-B1B89F166D90}
		{D1AFC06B-43AB-4E50-899D-4115AD1AD912} = {DCA32CA6-BEFA-438C-9211-B1B89F166D90}
		{72D415F3-AC03-45A7-AB88-84D5B5EAAFAA} = {2F3628D7-DC54-4C57-A6A5-447179EDCAEF}
		{D1D974F7-4CC3-48AB-8BD4-41FB8F1B5915} = {2F3628D7-DC54-4C57-A6A5-447179EDCAEF}
		{967BA3B8-F039-4A70-A66E-3D2E5FC3E70F} = {2F3628D7-DC54-4C57-A6A5-447179EDCAEF}
		{9C66BE86-67D5-47D0-BBBF-C5B1812C8936} = {56A735FB-9506-430F-947A-9325E668465D}
		{7F4EA2F0-FE36-4816-9FA1-7E4968CDA214} = {56A735FB-9506-430F-947A-9325E668465D}
		{4A94BACA-FAD4-4571-9DB7-15F0209B8D59} = {56A735FB-9506-430F-947A-9325E668465D}
		{2BA93515-6CCA-4A67-BB7D-8EB61E8E5E32} = {60D5E481-EBAB-4890-B55C-84CD6D3962A2}
		{9261CB69-4483-4D30-B089-B6745C2FDC7D} = {60D5E481-EBAB-4890-B55C-84CD6D3962A2}
		{7EC96685-2960-43FE-879A-82426C12C07C} = {60D5E481-EBAB-4890-B55C-84CD6D3962A2}
		{42520DDC-9FDF-4E4B-A0E6-8C418A39C294} = {0E0BD61D-81FF-448D-8CA8-5EA132334BA8}
		{15276DDF-A37A-4494-A770-1BAD232F06E5} = {0E0BD61D-81FF-448D-8CA8-5EA132334BA8}
		{2EE8537F-D1A4-40D2-9AC5-45F26EA8B89E} = {0E0BD61D-81FF-448D-8CA8-5EA132334BA8}
		{14299154-E03B-43F0-965E-283C39B82AB5} = {0E0BD61D-81FF-448D-8CA8-5EA132334BA8}
		{D63D1CED-6BE0-4266-B7E2-F0E599C13823} = {127C0653-4A6B-4853-9385-02688901F8F1}
		{F366A742-E3ED-4BA2-A8E4-9F53598B8743} = {127C0653-4A6B-4853-9385-02688901F8F1}
		{92DA27FA-10F2-4054-A2F7-8C5117D99D55} = {B3EE1504-E691-4289-9B48-56D295D01966}
		{8F3F4EDF-4743-4B7C-863E-E128742B4E5F} = {D49E4BFD-904B-4DDE-A281-55057584BC6A}
		{CC9B763A-DD74-4709-B8D3-CA0838A77079} = {565E726D-E9CE-454F-A1E1-16873CD41F8A}
		{92A409E5-65FE-4F80-B451-69D677D2C4A6} = {565E726D-E9CE-454F-A1E1-16873CD41F8A}
		{84BD562E-773E-4394-A798-1D6BB4FE2E76} = {70737691-0157-4B89-B992-9810998AF0B6}
		{A5582B9E-E09A-486F-B8F0-80D1ABD74DB1} = {70737691-0157-4B89-B992-9810998AF0B6}
		{4A085179-84D9-44D8-A119-C46D90AE35C5} = {D79F6B16-C325-401B-BF74-B414E1E2B7CD}
		{073D5A88-11CC-4062-87B8-0BF2FEBBD74E} = {D79F6B16-C325-401B-BF74-B414E1E2B7CD}
		{6DDABE04-F8F7-430A-8D25-7A2949462207} = {D79F6B16-C325-401B-BF74-B414E1E2B7CD}
		{DE5D974B-FEC2-48C2-B812-87ED8066E330} = {D79F6B16-C325-401B-BF74-B414E1E2B7CD}
		{9837244D-5F13-4680-99B1-D8F26A8601AA} = {BE539DA4-8AA3-4024-8CFA-453276F66B0A}
		{7249851E-422C-4291-B781-9B728EEF9C4F} = {BE539DA4-8AA3-4024-8CFA-453276F66B0A}
		{0B5B48CE-FA95-4225-8FB4-3B68F34C188D} = {BE539DA4-8AA3-4024-8CFA-453276F66B0A}
		{1E26A9A3-305E-4E57-99C2-F15E731399F6} = {86326B37-76F7-45AA-8EF2-DEF3F8CEC833}
		{D97FB16D-76A0-4541-A4C9-51DC343224B8} = {86326B37-76F7-45AA-8EF2-DEF3F8CEC833}
		{134EF28A-8E8A-4B14-9E30-F33BADD5D815} = {86326B37-76F7-45AA-8EF2-DEF3F8CEC833}
		{E24C6E64-AC3F-4E9B-9F2F-9FC92C711BEC} = {BA5E59FB-AF7D-4361-AEB6-852107DE63D2}
		{3299D8FC-A686-4B27-BDAB-347285A3E737} = {BA5E59FB-AF7D-4361-AEB6-852107DE63D2}
		{FC00B7C2-F27C-4B67-AE48-5675A19E9FCE} = {D50C235A-575D-46D4-99C7-640FEC552073}
		{A50C80F2-513F-46B6-9BD7-F270C80F2525} = {D50C235A-575D-46D4-99C7-640FEC552073}
		{7D415ED5-56D9-4120-B9D3-7A0B0D7C71DE} = {D50C235A-575D-46D4-99C7-640FEC552073}
		{C011E460-5B42-4361-8C28-4C238734B306} = {D3D48E74-FB70-4EBD-8F65-494A8C38C388}
		{C3C967F7-47D6-45BD-ACF3-649C12ED2956} = {D3D48E74-FB70-4EBD-8F65-494A8C38C388}
		{C6421046-D566-4ED7-A631-8B1FAABAB19D} = {D3D48E74-FB70-4EBD-8F65-494A8C38C388}
	EndGlobalSection
	GlobalSection(ExtensibilityGlobals) = postSolution
		SolutionGuid = {65134141-AF2A-44C1-8DF4-7399ACB06B81}
	EndGlobalSection
EndGlobal
