
Microsoft Visual Studio Solution File, Format Version 12.00
# Visual Studio 15
VisualStudioVersion = 15.0.26730.15
MinimumVisualStudioVersion = 10.0.40219.1
Project("{FAE04EC0-301F-11D3-BF4B-00C04F79EFBC}") = "MultiplierTestsLib", "MultiplierTestsLib\MultiplierTestsLib.csproj", "{419418A1-42F9-468E-B1B5-833C90CAEF3C}"
EndProject
Project("{FAE04EC0-301F-11D3-BF4B-00C04F79EFBC}") = "MultiplierLib", "MultiplierLib\MultiplierLib.csproj", "{A1E78AC2-376D-43F8-AE31-C19845A2951A}"
EndProject
Project("{FAE04EC0-301F-11D3-BF4B-00C04F79EFBC}") = "Demo1", "Demo1\Demo1.csproj", "{46838013-D1FD-437A-942B-8139D490ECDA}"
EndProject
Project("{2150E333-8FDC-42A3-9474-1A3956D46DE8}") = "2017-09-18", "2017-09-18", "{DCA32CA6-BEFA-438C-9211-B1B89F166D90}"
EndProject
Project("{9A19103F-16F7-4668-BE54-9A1E7A4F7556}") = "VaruKorgLib", "VaruKorgLib\VaruKorgLib.csproj", "{5FBB6951-E95B-426F-A4B5-AA798E085845}"
EndProject
Project("{FAE04EC0-301F-11D3-BF4B-00C04F79EFBC}") = "VarukorgTestLib", "VarukorgTestLib\VarukorgTestLib.csproj", "{113A105A-E7F2-4C16-93E7-1E6117D30D2C}"
EndProject
Project("{FAE04EC0-301F-11D3-BF4B-00C04F79EFBC}") = "StoryTellerWindowsApp", "StoryTellerWindowsApp\StoryTellerWindowsApp.csproj", "{1822AA3D-28B5-4458-9D1E-6914E346094D}"
EndProject
Project("{9A19103F-16F7-4668-BE54-9A1E7A4F7556}") = "CirkusLib", "CirkusLib\CirkusLib.csproj", "{BDDA0313-4D92-4B7B-9DFF-FA4F2ACE9813}"
EndProject
Project("{FAE04EC0-301F-11D3-BF4B-00C04F79EFBC}") = "CirkusTestLib", "CirkusTestLib\CirkusTestLib.csproj", "{D1AFC06B-43AB-4E50-899D-4115AD1AD912}"
EndProject
Project("{2150E333-8FDC-42A3-9474-1A3956D46DE8}") = "2017-09-20", "2017-09-20", "{2F3628D7-DC54-4C57-A6A5-447179EDCAEF}"
EndProject
Project("{FAE04EC0-301F-11D3-BF4B-00C04F79EFBC}") = "ExamLib", "ExamLib\ExamLib.csproj", "{72D415F3-AC03-45A7-AB88-84D5B5EAAFAA}"
EndProject
Project("{FAE04EC0-301F-11D3-BF4B-00C04F79EFBC}") = "ExamLibTest", "ExamLibTest\ExamLibTest.csproj", "{D1D974F7-4CC3-48AB-8BD4-41FB8F1B5915}"
EndProject
Project("{FAE04EC0-301F-11D3-BF4B-00C04F79EFBC}") = "WindowsFormsAppExam", "WindowsFormsAppExam\WindowsFormsAppExam.csproj", "{967BA3B8-F039-4A70-A66E-3D2E5FC3E70F}"
EndProject
Project("{2150E333-8FDC-42A3-9474-1A3956D46DE8}") = "GuessNumber", "GuessNumber", "{56A735FB-9506-430F-947A-9325E668465D}"
EndProject
Project("{FAE04EC0-301F-11D3-BF4B-00C04F79EFBC}") = "GuessNumberLib", "GuessNumberLib\GuessNumberLib.csproj", "{9C66BE86-67D5-47D0-BBBF-C5B1812C8936}"
EndProject
Project("{FAE04EC0-301F-11D3-BF4B-00C04F79EFBC}") = "GuessNumberTestsLib", "GuessNumberTestsLib\GuessNumberTestsLib.csproj", "{7F4EA2F0-FE36-4816-9FA1-7E4968CDA214}"
EndProject
Project("{FAE04EC0-301F-11D3-BF4B-00C04F79EFBC}") = "GuessNumberWindowApp", "GuessNumberWindowApp\GuessNumberWindowApp.csproj", "{4A94BACA-FAD4-4571-9DB7-15F0209B8D59}"
EndProject
Project("{2150E333-8FDC-42A3-9474-1A3956D46DE8}") = "DiceGame", "DiceGame", "{60D5E481-EBAB-4890-B55C-84CD6D3962A2}"
EndProject
Project("{FAE04EC0-301F-11D3-BF4B-00C04F79EFBC}") = "DiceGameLib", "DiceGameLib\DiceGameLib.csproj", "{2BA93515-6CCA-4A67-BB7D-8EB61E8E5E32}"
EndProject
Project("{FAE04EC0-301F-11D3-BF4B-00C04F79EFBC}") = "DiceGameTests", "DiceGameTests\DiceGameTests.csproj", "{9261CB69-4483-4D30-B089-B6745C2FDC7D}"
EndProject
Project("{FAE04EC0-301F-11D3-BF4B-00C04F79EFBC}") = "DiceGame", "DiceGame\DiceGame.csproj", "{7EC96685-2960-43FE-879A-82426C12C07C}"
EndProject
Global
	GlobalSection(SolutionConfigurationPlatforms) = preSolution
		Debug|Any CPU = Debug|Any CPU
		Release|Any CPU = Release|Any CPU
	EndGlobalSection
	GlobalSection(ProjectConfigurationPlatforms) = postSolution
		{419418A1-42F9-468E-B1B5-833C90CAEF3C}.Debug|Any CPU.ActiveCfg = Debug|Any CPU
		{419418A1-42F9-468E-B1B5-833C90CAEF3C}.Debug|Any CPU.Build.0 = Debug|Any CPU
		{419418A1-42F9-468E-B1B5-833C90CAEF3C}.Release|Any CPU.ActiveCfg = Release|Any CPU
		{419418A1-42F9-468E-B1B5-833C90CAEF3C}.Release|Any CPU.Build.0 = Release|Any CPU
		{A1E78AC2-376D-43F8-AE31-C19845A2951A}.Debug|Any CPU.ActiveCfg = Debug|Any CPU
		{A1E78AC2-376D-43F8-AE31-C19845A2951A}.Debug|Any CPU.Build.0 = Debug|Any CPU
		{A1E78AC2-376D-43F8-AE31-C19845A2951A}.Release|Any CPU.ActiveCfg = Release|Any CPU
		{A1E78AC2-376D-43F8-AE31-C19845A2951A}.Release|Any CPU.Build.0 = Release|Any CPU
		{46838013-D1FD-437A-942B-8139D490ECDA}.Debug|Any CPU.ActiveCfg = Debug|Any CPU
		{46838013-D1FD-437A-942B-8139D490ECDA}.Debug|Any CPU.Build.0 = Debug|Any CPU
		{46838013-D1FD-437A-942B-8139D490ECDA}.Release|Any CPU.ActiveCfg = Release|Any CPU
		{46838013-D1FD-437A-942B-8139D490ECDA}.Release|Any CPU.Build.0 = Release|Any CPU
		{5FBB6951-E95B-426F-A4B5-AA798E085845}.Debug|Any CPU.ActiveCfg = Debug|Any CPU
		{5FBB6951-E95B-426F-A4B5-AA798E085845}.Debug|Any CPU.Build.0 = Debug|Any CPU
		{5FBB6951-E95B-426F-A4B5-AA798E085845}.Release|Any CPU.ActiveCfg = Release|Any CPU
		{5FBB6951-E95B-426F-A4B5-AA798E085845}.Release|Any CPU.Build.0 = Release|Any CPU
		{113A105A-E7F2-4C16-93E7-1E6117D30D2C}.Debug|Any CPU.ActiveCfg = Debug|Any CPU
		{113A105A-E7F2-4C16-93E7-1E6117D30D2C}.Debug|Any CPU.Build.0 = Debug|Any CPU
		{113A105A-E7F2-4C16-93E7-1E6117D30D2C}.Release|Any CPU.ActiveCfg = Release|Any CPU
		{113A105A-E7F2-4C16-93E7-1E6117D30D2C}.Release|Any CPU.Build.0 = Release|Any CPU
		{1822AA3D-28B5-4458-9D1E-6914E346094D}.Debug|Any CPU.ActiveCfg = Debug|Any CPU
		{1822AA3D-28B5-4458-9D1E-6914E346094D}.Debug|Any CPU.Build.0 = Debug|Any CPU
		{1822AA3D-28B5-4458-9D1E-6914E346094D}.Release|Any CPU.ActiveCfg = Release|Any CPU
		{1822AA3D-28B5-4458-9D1E-6914E346094D}.Release|Any CPU.Build.0 = Release|Any CPU
		{BDDA0313-4D92-4B7B-9DFF-FA4F2ACE9813}.Debug|Any CPU.ActiveCfg = Debug|Any CPU
		{BDDA0313-4D92-4B7B-9DFF-FA4F2ACE9813}.Debug|Any CPU.Build.0 = Debug|Any CPU
		{BDDA0313-4D92-4B7B-9DFF-FA4F2ACE9813}.Release|Any CPU.ActiveCfg = Release|Any CPU
		{BDDA0313-4D92-4B7B-9DFF-FA4F2ACE9813}.Release|Any CPU.Build.0 = Release|Any CPU
		{D1AFC06B-43AB-4E50-899D-4115AD1AD912}.Debug|Any CPU.ActiveCfg = Debug|Any CPU
		{D1AFC06B-43AB-4E50-899D-4115AD1AD912}.Debug|Any CPU.Build.0 = Debug|Any CPU
		{D1AFC06B-43AB-4E50-899D-4115AD1AD912}.Release|Any CPU.ActiveCfg = Release|Any CPU
		{D1AFC06B-43AB-4E50-899D-4115AD1AD912}.Release|Any CPU.Build.0 = Release|Any CPU
		{72D415F3-AC03-45A7-AB88-84D5B5EAAFAA}.Debug|Any CPU.ActiveCfg = Debug|Any CPU
		{72D415F3-AC03-45A7-AB88-84D5B5EAAFAA}.Debug|Any CPU.Build.0 = Debug|Any CPU
		{72D415F3-AC03-45A7-AB88-84D5B5EAAFAA}.Release|Any CPU.ActiveCfg = Release|Any CPU
		{72D415F3-AC03-45A7-AB88-84D5B5EAAFAA}.Release|Any CPU.Build.0 = Release|Any CPU
		{D1D974F7-4CC3-48AB-8BD4-41FB8F1B5915}.Debug|Any CPU.ActiveCfg = Debug|Any CPU
		{D1D974F7-4CC3-48AB-8BD4-41FB8F1B5915}.Debug|Any CPU.Build.0 = Debug|Any CPU
		{D1D974F7-4CC3-48AB-8BD4-41FB8F1B5915}.Release|Any CPU.ActiveCfg = Release|Any CPU
		{D1D974F7-4CC3-48AB-8BD4-41FB8F1B5915}.Release|Any CPU.Build.0 = Release|Any CPU
		{967BA3B8-F039-4A70-A66E-3D2E5FC3E70F}.Debug|Any CPU.ActiveCfg = Debug|Any CPU
		{967BA3B8-F039-4A70-A66E-3D2E5FC3E70F}.Debug|Any CPU.Build.0 = Debug|Any CPU
		{967BA3B8-F039-4A70-A66E-3D2E5FC3E70F}.Release|Any CPU.ActiveCfg = Release|Any CPU
		{967BA3B8-F039-4A70-A66E-3D2E5FC3E70F}.Release|Any CPU.Build.0 = Release|Any CPU
		{9C66BE86-67D5-47D0-BBBF-C5B1812C8936}.Debug|Any CPU.ActiveCfg = Debug|Any CPU
		{9C66BE86-67D5-47D0-BBBF-C5B1812C8936}.Debug|Any CPU.Build.0 = Debug|Any CPU
		{9C66BE86-67D5-47D0-BBBF-C5B1812C8936}.Release|Any CPU.ActiveCfg = Release|Any CPU
		{9C66BE86-67D5-47D0-BBBF-C5B1812C8936}.Release|Any CPU.Build.0 = Release|Any CPU
		{7F4EA2F0-FE36-4816-9FA1-7E4968CDA214}.Debug|Any CPU.ActiveCfg = Debug|Any CPU
		{7F4EA2F0-FE36-4816-9FA1-7E4968CDA214}.Debug|Any CPU.Build.0 = Debug|Any CPU
		{7F4EA2F0-FE36-4816-9FA1-7E4968CDA214}.Release|Any CPU.ActiveCfg = Release|Any CPU
		{7F4EA2F0-FE36-4816-9FA1-7E4968CDA214}.Release|Any CPU.Build.0 = Release|Any CPU
		{4A94BACA-FAD4-4571-9DB7-15F0209B8D59}.Debug|Any CPU.ActiveCfg = Debug|Any CPU
		{4A94BACA-FAD4-4571-9DB7-15F0209B8D59}.Debug|Any CPU.Build.0 = Debug|Any CPU
		{4A94BACA-FAD4-4571-9DB7-15F0209B8D59}.Release|Any CPU.ActiveCfg = Release|Any CPU
		{4A94BACA-FAD4-4571-9DB7-15F0209B8D59}.Release|Any CPU.Build.0 = Release|Any CPU
		{2BA93515-6CCA-4A67-BB7D-8EB61E8E5E32}.Debug|Any CPU.ActiveCfg = Debug|Any CPU
		{2BA93515-6CCA-4A67-BB7D-8EB61E8E5E32}.Debug|Any CPU.Build.0 = Debug|Any CPU
		{2BA93515-6CCA-4A67-BB7D-8EB61E8E5E32}.Release|Any CPU.ActiveCfg = Release|Any CPU
		{2BA93515-6CCA-4A67-BB7D-8EB61E8E5E32}.Release|Any CPU.Build.0 = Release|Any CPU
		{9261CB69-4483-4D30-B089-B6745C2FDC7D}.Debug|Any CPU.ActiveCfg = Debug|Any CPU
		{9261CB69-4483-4D30-B089-B6745C2FDC7D}.Debug|Any CPU.Build.0 = Debug|Any CPU
		{9261CB69-4483-4D30-B089-B6745C2FDC7D}.Release|Any CPU.ActiveCfg = Release|Any CPU
		{9261CB69-4483-4D30-B089-B6745C2FDC7D}.Release|Any CPU.Build.0 = Release|Any CPU
		{7EC96685-2960-43FE-879A-82426C12C07C}.Debug|Any CPU.ActiveCfg = Debug|Any CPU
		{7EC96685-2960-43FE-879A-82426C12C07C}.Debug|Any CPU.Build.0 = Debug|Any CPU
		{7EC96685-2960-43FE-879A-82426C12C07C}.Release|Any CPU.ActiveCfg = Release|Any CPU
		{7EC96685-2960-43FE-879A-82426C12C07C}.Release|Any CPU.Build.0 = Release|Any CPU
	EndGlobalSection
	GlobalSection(SolutionProperties) = preSolution
		HideSolutionNode = FALSE
	EndGlobalSection
	GlobalSection(NestedProjects) = preSolution
		{5FBB6951-E95B-426F-A4B5-AA798E085845} = {DCA32CA6-BEFA-438C-9211-B1B89F166D90}
		{113A105A-E7F2-4C16-93E7-1E6117D30D2C} = {DCA32CA6-BEFA-438C-9211-B1B89F166D90}
		{BDDA0313-4D92-4B7B-9DFF-FA4F2ACE9813} = {DCA32CA6-BEFA-438C-9211-B1B89F166D90}
		{D1AFC06B-43AB-4E50-899D-4115AD1AD912} = {DCA32CA6-BEFA-438C-9211-B1B89F166D90}
		{72D415F3-AC03-45A7-AB88-84D5B5EAAFAA} = {2F3628D7-DC54-4C57-A6A5-447179EDCAEF}
		{D1D974F7-4CC3-48AB-8BD4-41FB8F1B5915} = {2F3628D7-DC54-4C57-A6A5-447179EDCAEF}
		{967BA3B8-F039-4A70-A66E-3D2E5FC3E70F} = {2F3628D7-DC54-4C57-A6A5-447179EDCAEF}
		{9C66BE86-67D5-47D0-BBBF-C5B1812C8936} = {56A735FB-9506-430F-947A-9325E668465D}
		{7F4EA2F0-FE36-4816-9FA1-7E4968CDA214} = {56A735FB-9506-430F-947A-9325E668465D}
		{4A94BACA-FAD4-4571-9DB7-15F0209B8D59} = {56A735FB-9506-430F-947A-9325E668465D}
		{2BA93515-6CCA-4A67-BB7D-8EB61E8E5E32} = {60D5E481-EBAB-4890-B55C-84CD6D3962A2}
		{9261CB69-4483-4D30-B089-B6745C2FDC7D} = {60D5E481-EBAB-4890-B55C-84CD6D3962A2}
		{7EC96685-2960-43FE-879A-82426C12C07C} = {60D5E481-EBAB-4890-B55C-84CD6D3962A2}
	EndGlobalSection
	GlobalSection(ExtensibilityGlobals) = postSolution
		SolutionGuid = {65134141-AF2A-44C1-8DF4-7399ACB06B81}
	EndGlobalSection
EndGlobal
