
Microsoft Visual Studio Solution File, Format Version 12.00
# Visual Studio 15
VisualStudioVersion = 15.0.26730.12
MinimumVisualStudioVersion = 10.0.40219.1
Project("{FAE04EC0-301F-11D3-BF4B-00C04F79EFBC}") = "MultiplierTestsLib", "MultiplierTestsLib\MultiplierTestsLib.csproj", "{419418A1-42F9-468E-B1B5-833C90CAEF3C}"
EndProject
Project("{FAE04EC0-301F-11D3-BF4B-00C04F79EFBC}") = "MultiplierLib", "MultiplierLib\MultiplierLib.csproj", "{A1E78AC2-376D-43F8-AE31-C19845A2951A}"
EndProject
Project("{FAE04EC0-301F-11D3-BF4B-00C04F79EFBC}") = "Demo1", "Demo1\Demo1.csproj", "{46838013-D1FD-437A-942B-8139D490ECDA}"
EndProject
Global
	GlobalSection(SolutionConfigurationPlatforms) = preSolution
		Debug|Any CPU = Debug|Any CPU
		Release|Any CPU = Release|Any CPU
	EndGlobalSection
	GlobalSection(ProjectConfigurationPlatforms) = postSolution
		{419418A1-42F9-468E-B1B5-833C90CAEF3C}.Debug|Any CPU.ActiveCfg = Debug|Any CPU
		{419418A1-42F9-468E-B1B5-833C90CAEF3C}.Debug|Any CPU.Build.0 = Debug|Any CPU
		{419418A1-42F9-468E-B1B5-833C90CAEF3C}.Release|Any CPU.ActiveCfg = Release|Any CPU
		{419418A1-42F9-468E-B1B5-833C90CAEF3C}.Release|Any CPU.Build.0 = Release|Any CPU
		{A1E78AC2-376D-43F8-AE31-C19845A2951A}.Debug|Any CPU.ActiveCfg = Debug|Any CPU
		{A1E78AC2-376D-43F8-AE31-C19845A2951A}.Debug|Any CPU.Build.0 = Debug|Any CPU
		{A1E78AC2-376D-43F8-AE31-C19845A2951A}.Release|Any CPU.ActiveCfg = Release|Any CPU
		{A1E78AC2-376D-43F8-AE31-C19845A2951A}.Release|Any CPU.Build.0 = Release|Any CPU
		{46838013-D1FD-437A-942B-8139D490ECDA}.Debug|Any CPU.ActiveCfg = Debug|Any CPU
		{46838013-D1FD-437A-942B-8139D490ECDA}.Debug|Any CPU.Build.0 = Debug|Any CPU
		{46838013-D1FD-437A-942B-8139D490ECDA}.Release|Any CPU.ActiveCfg = Release|Any CPU
		{46838013-D1FD-437A-942B-8139D490ECDA}.Release|Any CPU.Build.0 = Release|Any CPU
	EndGlobalSection
	GlobalSection(SolutionProperties) = preSolution
		HideSolutionNode = FALSE
	EndGlobalSection
	GlobalSection(ExtensibilityGlobals) = postSolution
		SolutionGuid = {65134141-AF2A-44C1-8DF4-7399ACB06B81}
	EndGlobalSection
EndGlobal
